{
  "version": 1,
  "dependencies": {
    "net8.0": {
      "Allure.NUnit": {
        "type": "Direct",
        "requested": "[2.12.1, )",
        "resolved": "2.12.1",
        "contentHash": "L4pjgKLNaOwvLxnXS4HAfPWhCuAaAUMy66kFFJNrxUeKPwr+NSmrSN+ff0N83NsKyC1x4oiikoVuN6WCHeHvWQ==",
        "dependencies": {
          "Allure.Net.Commons": "2.12.1",
          "NUnit": "3.13.3"
        }
      },
      "coverlet.collector": {
        "type": "Direct",
        "requested": "[6.0.2, )",
        "resolved": "6.0.2",
        "contentHash": "bJShQ6uWRTQ100ZeyiMqcFlhP7WJ+bCuabUs885dJiBEzMsJMSFr7BOyeCw4rgvQokteGi5rKQTlkhfQPUXg2A=="
      },
      "Microsoft.NET.Test.Sdk": {
        "type": "Direct",
        "requested": "[17.9.0, )",
        "resolved": "17.9.0",
        "contentHash": "7GUNAUbJYn644jzwLm5BD3a2p9C1dmP8Hr6fDPDxgItQk9hBs1Svdxzz07KQ/UphMSmgza9AbijBJGmw5D658A==",
        "dependencies": {
          "Microsoft.CodeCoverage": "17.9.0",
          "Microsoft.TestPlatform.TestHost": "17.9.0"
        }
      },
      "NUnit": {
        "type": "Direct",
        "requested": "[3.13.3, )",
        "resolved": "3.13.3",
        "contentHash": "KNPDpls6EfHwC3+nnA67fh5wpxeLb3VLFAfLxrug6JMYDLHH6InaQIWR7Sc3y75d/9IKzMksH/gi08W7XWbmnQ==",
        "dependencies": {
          "NETStandard.Library": "2.0.0"
        }
      },
      "NUnit.Analyzers": {
        "type": "Direct",
        "requested": "[4.1.0, )",
        "resolved": "4.1.0",
        "contentHash": "Odd1RusSMnfswIiCPbokAqmlcCCXjQ20poaXWrw+CWDnBY1vQ/x6ZGqgyJXpebPq5Uf8uEBe5iOAySsCdSrWdQ=="
      },
      "NUnit3TestAdapter": {
        "type": "Direct",
        "requested": "[4.5.0, )",
        "resolved": "4.5.0",
        "contentHash": "s8JpqTe9bI2f49Pfr3dFRfoVSuFQyraTj68c3XXjIS/MRGvvkLnrg6RLqnTjdShX+AdFUCCU/4Xex58AdUfs6A=="
      },
      "Allure.Net.Commons": {
        "type": "Transitive",
        "resolved": "2.12.1",
        "contentHash": "cix1b/xp/1nUIFUR8MpERt1Rrv9PM2C+VB3pat1g+IEB/h4Ul+7PihCDTE3VfecRob8wz5e8fQ0aHI9atf//gA==",
        "dependencies": {
          "AspectInjector": "2.8.1",
          "MimeTypesMap": "1.0.8",
          "Newtonsoft.Json": "13.0.3",
          "System.Collections.Immutable": "5.0.0"
        }
      },
      "AspectInjector": {
        "type": "Transitive",
        "resolved": "2.8.1",
        "contentHash": "8BScDeaLazJVFaa2Tt9hoWLhllnxXP3Sew+l/vktdZEcgoPOsqhlDqe6GXJvy7xVkdICAbKFsrcDJ0cfrDR6Mg=="
      },
      "Microsoft.CodeCoverage": {
        "type": "Transitive",
        "resolved": "17.9.0",
        "contentHash": "RGD37ZSrratfScYXm7M0HjvxMxZyWZL4jm+XgMZbkIY1UPgjUpbNA/t+WTGj/rC/0Hm9A3IrH3ywbKZkOCnoZA=="
      },
      "Microsoft.NETCore.Platforms": {
        "type": "Transitive",
        "resolved": "1.1.0",
        "contentHash": "kz0PEW2lhqygehI/d6XsPCQzD7ff7gUJaVGPVETX611eadGsA3A877GdSlU0LRVMCTH/+P3o2iDTak+S08V2+A=="
      },
      "Microsoft.TestPlatform.ObjectModel": {
        "type": "Transitive",
        "resolved": "17.9.0",
        "contentHash": "1ilw/8vgmjLyKU+2SKXKXaOqpYFJCQfGqGz+x0cosl981VzjrY74Sv6qAJv+neZMZ9ZMxF3ArN6kotaQ4uvEBw==",
        "dependencies": {
          "System.Reflection.Metadata": "1.6.0"
        }
      },
      "Microsoft.TestPlatform.TestHost": {
        "type": "Transitive",
        "resolved": "17.9.0",
        "contentHash": "Spmg7Wx49Ya3SxBjyeAR+nQpjMTKZwTwpZ7KyeOTIqI/WHNPnBU4HUvl5kuHPQAwGWqMy4FGZja1HvEwvoaDiA==",
        "dependencies": {
          "Microsoft.TestPlatform.ObjectModel": "17.9.0",
          "Newtonsoft.Json": "13.0.1"
        }
      },
      "MimeTypesMap": {
        "type": "Transitive",
        "resolved": "1.0.8",
        "contentHash": "iOm6Zar+yVROhlyrGGSJTfThvNoHLUeYeQQND9YD/ot/nA2qsWUp9kP2MHTdF9P7I8afW6eCf8vdELLZjDFdSQ=="
      },
      "NETStandard.Library": {
        "type": "Transitive",
        "resolved": "2.0.0",
        "contentHash": "7jnbRU+L08FXKMxqUflxEXtVymWvNOrS8yHgu9s6EM8Anr6T/wIX4nZ08j/u3Asz+tCufp3YVwFSEvFTPYmBPA==",
        "dependencies": {
          "Microsoft.NETCore.Platforms": "1.1.0"
        }
      },
      "Newtonsoft.Json": {
        "type": "Transitive",
        "resolved": "13.0.3",
        "contentHash": "HrC5BXdl00IP9zeV+0Z848QWPAoCr9P3bDEZguI+gkLcBKAOxix/tLEAAHC+UvDNPv4a2d18lOReHMOagPa+zQ=="
      },
      "System.Collections.Immutable": {
        "type": "Transitive",
        "resolved": "5.0.0",
        "contentHash": "FXkLXiK0sVVewcso0imKQoOxjoPAj42R8HtjjbSjVPAzwDfzoyoznWxgA3c38LDbN9SJux1xXoXYAhz98j7r2g=="
      },
      "System.Reflection.Metadata": {
        "type": "Transitive",
        "resolved": "1.6.0",
        "contentHash": "COC1aiAJjCoA5GBF+QKL2uLqEBew4JsCkQmoHKbN3TlOZKa2fKLz5CpiRQKDz0RsAOEGsVKqOD5bomsXq/4STQ=="
      }
    }
  }
}